
Microsoft Visual Studio Solution File, Format Version 12.00
# Visual Studio Version 17
VisualStudioVersion = 17.0.31903.59
MinimumVisualStudioVersion = 10.0.40219.1
Project("{FAE04EC0-301F-11D3-BF4B-00C04F79EFBC}") = "Dominio", "Dominio\Dominio.csproj", "{E53EA38A-19A6-489F-8CC8-1D411D312057}"
EndProject
Project("{FAE04EC0-301F-11D3-BF4B-00C04F79EFBC}") = "Persistencia", "Persistencia\Persistencia.csproj", "{2BA20826-87A2-42C8-A173-9D162440DD7E}"
EndProject
Project("{FAE04EC0-301F-11D3-BF4B-00C04F79EFBC}") = "API", "API\API.csproj", "{60DF4AC4-11E1-465B-95E5-2402C155476F}"
EndProject
Project("{FAE04EC0-301F-11D3-BF4B-00C04F79EFBC}") = "Aplicacion", "Aplicacion\Aplicacion.csproj", "{6463DB1D-8BC4-4E59-95E4-23B6F083FB0E}"
EndProject
Global
	GlobalSection(SolutionConfigurationPlatforms) = preSolution
		Debug|Any CPU = Debug|Any CPU
		Release|Any CPU = Release|Any CPU
	EndGlobalSection
	GlobalSection(SolutionProperties) = preSolution
		HideSolutionNode = FALSE
	EndGlobalSection
	GlobalSection(ProjectConfigurationPlatforms) = postSolution
		{E53EA38A-19A6-489F-8CC8-1D411D312057}.Debug|Any CPU.ActiveCfg = Debug|Any CPU
		{E53EA38A-19A6-489F-8CC8-1D411D312057}.Debug|Any CPU.Build.0 = Debug|Any CPU
		{E53EA38A-19A6-489F-8CC8-1D411D312057}.Release|Any CPU.ActiveCfg = Release|Any CPU
		{E53EA38A-19A6-489F-8CC8-1D411D312057}.Release|Any CPU.Build.0 = Release|Any CPU
		{2BA20826-87A2-42C8-A173-9D162440DD7E}.Debug|Any CPU.ActiveCfg = Debug|Any CPU
		{2BA20826-87A2-42C8-A173-9D162440DD7E}.Debug|Any CPU.Build.0 = Debug|Any CPU
		{2BA20826-87A2-42C8-A173-9D162440DD7E}.Release|Any CPU.ActiveCfg = Release|Any CPU
		{2BA20826-87A2-42C8-A173-9D162440DD7E}.Release|Any CPU.Build.0 = Release|Any CPU
		{60DF4AC4-11E1-465B-95E5-2402C155476F}.Debug|Any CPU.ActiveCfg = Debug|Any CPU
		{60DF4AC4-11E1-465B-95E5-2402C155476F}.Debug|Any CPU.Build.0 = Debug|Any CPU
		{60DF4AC4-11E1-465B-95E5-2402C155476F}.Release|Any CPU.ActiveCfg = Release|Any CPU
		{60DF4AC4-11E1-465B-95E5-2402C155476F}.Release|Any CPU.Build.0 = Release|Any CPU
		{6463DB1D-8BC4-4E59-95E4-23B6F083FB0E}.Debug|Any CPU.ActiveCfg = Debug|Any CPU
		{6463DB1D-8BC4-4E59-95E4-23B6F083FB0E}.Debug|Any CPU.Build.0 = Debug|Any CPU
		{6463DB1D-8BC4-4E59-95E4-23B6F083FB0E}.Release|Any CPU.ActiveCfg = Release|Any CPU
		{6463DB1D-8BC4-4E59-95E4-23B6F083FB0E}.Release|Any CPU.Build.0 = Release|Any CPU
	EndGlobalSection
EndGlobal
